{
  "version": 4,
  "terraform_version": "1.6.2",
  "serial": 15,
  "lineage": "bc18c206-5cbe-feb4-e917-3e605768087c",
  "outputs": {},
  "resources": [
    {
      "mode": "managed",
      "type": "newrelic_workload",
      "name": "foo",
      "provider": "provider[\"registry.terraform.io/newrelic/newrelic\"]",
      "instances": [
        {
          "index_key": "example_workload-1",
          "schema_version": 0,
          "attributes": {
            "account_id": 4043696,
            "composite_entity_search_query": "(accountId IN ('4043696')) AND ((id IN ('NDA0MzY5NnxOUjF8V09SS0xPQUR8MTg2OTg1','NDA0MzY5NnxWSVp8REFTSEJPQVJEfGRhOjQ0ODQzNTU','NDA0MzY5NnxWSVp8REFTSEJPQVJEfGRhOjQxNDUxOTk'))) AND id != 'NDA0MzY5NnxOUjF8V09SS0xPQUR8MTg2OTk2'",
            "description": null,
            "entity_guids": [
              "NDA0MzY5NnxOUjF8V09SS0xPQUR8MTg2OTg1",
              "NDA0MzY5NnxWSVp8REFTSEJPQVJEfGRhOjQ0ODQzNTU",
              "NDA0MzY5NnxWSVp8REFTSEJPQVJEfGRhOjQxNDUxOTk"
            ],
            "entity_search_query": [],
            "guid": "NDA0MzY5NnxOUjF8V09SS0xPQUR8MTg2OTk2",
            "id": "4043696:186996:NDA0MzY5NnxOUjF8V09SS0xPQUR8MTg2OTk2",
            "name": "Example workload 1",
            "permalink": "https://one.newrelic.com/redirect/entity/NDA0MzY5NnxOUjF8V09SS0xPQUR8MTg2OTk2",
            "scope_account_ids": [
              4043696
            ],
            "status_config_automatic": [],
            "status_config_static": [],
            "workload_id": 186996
          },
          "sensitive_attributes": [],
          "private": "bnVsbA=="
        }
      ]
    }
  ],
  "check_results": null
}
